
Microsoft Visual Studio Solution File, Format Version 12.00
# Visual Studio Version 17
VisualStudioVersion = 17.9.34616.47
MinimumVisualStudioVersion = 10.0.40219.1
Project("{FAE04EC0-301F-11D3-BF4B-00C04F79EFBC}") = "mediasApp4", "mediasApp4\mediasApp4.csproj", "{4FB9FCA7-0EBB-4BFD-82D4-F53603EB34EC}"
EndProject
Global
	GlobalSection(SolutionConfigurationPlatforms) = preSolution
		Debug|Any CPU = Debug|Any CPU
		Release|Any CPU = Release|Any CPU
	EndGlobalSection
	GlobalSection(ProjectConfigurationPlatforms) = postSolution
		{4FB9FCA7-0EBB-4BFD-82D4-F53603EB34EC}.Debug|Any CPU.ActiveCfg = Debug|Any CPU
		{4FB9FCA7-0EBB-4BFD-82D4-F53603EB34EC}.Debug|Any CPU.Build.0 = Debug|Any CPU
		{4FB9FCA7-0EBB-4BFD-82D4-F53603EB34EC}.Release|Any CPU.ActiveCfg = Release|Any CPU
		{4FB9FCA7-0EBB-4BFD-82D4-F53603EB34EC}.Release|Any CPU.Build.0 = Release|Any CPU
	EndGlobalSection
	GlobalSection(SolutionProperties) = preSolution
		HideSolutionNode = FALSE
	EndGlobalSection
	GlobalSection(ExtensibilityGlobals) = postSolution
		SolutionGuid = {6E5BEE7B-A892-4182-82E7-C6465B4294D2}
	EndGlobalSection
EndGlobal
